
Microsoft Visual Studio Solution File, Format Version 12.00
# Visual Studio Version 17
VisualStudioVersion = 17.3.32929.385
MinimumVisualStudioVersion = 10.0.40219.1
Project("{9A19103F-16F7-4668-BE54-9A1E7A4F7556}") = "API_SERVICE", "API_SERVICE\API_SERVICE.csproj", "{BE29EF09-1816-4546-9FDE-B60944562312}"
EndProject
Global
	GlobalSection(SolutionConfigurationPlatforms) = preSolution
		Debug|Any CPU = Debug|Any CPU
		Release|Any CPU = Release|Any CPU
	EndGlobalSection
	GlobalSection(ProjectConfigurationPlatforms) = postSolution
		{BE29EF09-1816-4546-9FDE-B60944562312}.Debug|Any CPU.ActiveCfg = Debug|Any CPU
		{BE29EF09-1816-4546-9FDE-B60944562312}.Debug|Any CPU.Build.0 = Debug|Any CPU
		{BE29EF09-1816-4546-9FDE-B60944562312}.Release|Any CPU.ActiveCfg = Release|Any CPU
		{BE29EF09-1816-4546-9FDE-B60944562312}.Release|Any CPU.Build.0 = Release|Any CPU
	EndGlobalSection
	GlobalSection(SolutionProperties) = preSolution
		HideSolutionNode = FALSE
	EndGlobalSection
	GlobalSection(ExtensibilityGlobals) = postSolution
		SolutionGuid = {22346718-F1E9-4D0F-8266-1735C7655166}
	EndGlobalSection
EndGlobal
